
Microsoft Visual Studio Solution File, Format Version 12.00
# Visual Studio Version 17
VisualStudioVersion = 17.9.34607.119
MinimumVisualStudioVersion = 10.0.40219.1
Project("{8BC9CEB8-8B4A-11D0-8D11-00A0C91BC942}") = "InsertionSort", "InsertionSort\InsertionSort.vcxproj", "{ABAC5240-5A6C-4BCB-86CD-F813A3CCE0C6}"
EndProject
Global
	GlobalSection(SolutionConfigurationPlatforms) = preSolution
		Debug|x64 = Debug|x64
		Debug|x86 = Debug|x86
		Release|x64 = Release|x64
		Release|x86 = Release|x86
	EndGlobalSection
	GlobalSection(ProjectConfigurationPlatforms) = postSolution
		{ABAC5240-5A6C-4BCB-86CD-F813A3CCE0C6}.Debug|x64.ActiveCfg = Debug|x64
		{ABAC5240-5A6C-4BCB-86CD-F813A3CCE0C6}.Debug|x64.Build.0 = Debug|x64
		{ABAC5240-5A6C-4BCB-86CD-F813A3CCE0C6}.Debug|x86.ActiveCfg = Debug|Win32
		{ABAC5240-5A6C-4BCB-86CD-F813A3CCE0C6}.Debug|x86.Build.0 = Debug|Win32
		{ABAC5240-5A6C-4BCB-86CD-F813A3CCE0C6}.Release|x64.ActiveCfg = Release|x64
		{ABAC5240-5A6C-4BCB-86CD-F813A3CCE0C6}.Release|x64.Build.0 = Release|x64
		{ABAC5240-5A6C-4BCB-86CD-F813A3CCE0C6}.Release|x86.ActiveCfg = Release|Win32
		{ABAC5240-5A6C-4BCB-86CD-F813A3CCE0C6}.Release|x86.Build.0 = Release|Win32
	EndGlobalSection
	GlobalSection(SolutionProperties) = preSolution
		HideSolutionNode = FALSE
	EndGlobalSection
	GlobalSection(ExtensibilityGlobals) = postSolution
		SolutionGuid = {78E6DA85-0181-49BB-ADFE-0970F97CE516}
	EndGlobalSection
EndGlobal
